Microsoft Visual Studio Solution File, Format Version 12.00
# Visual Studio Version 17
VisualStudioVersion = 17.13.35931.197 d17.13
MinimumVisualStudioVersion = 10.0.40219.1
Project("{FAE04EC0-301F-11D3-BF4B-00C04F79EFBC}") = "App.AppHost", "App.AppHost\App.AppHost.csproj", "{CACE4E11-CF27-40CE-94B5-65C3201D8CC2}"
EndProject
Project("{FAE04EC0-301F-11D3-BF4B-00C04F79EFBC}") = "App.ServiceDefaults", "App.ServiceDefaults\App.ServiceDefaults.csproj", "{2636964B-8507-08E7-1081-CD464FF4F663}"
EndProject
Project("{FAE04EC0-301F-11D3-BF4B-00C04F79EFBC}") = "App.ApiService", "App.ApiService\App.ApiService.csproj", "{C978DB9C-0E7A-3509-CCA0-DE0A215424E9}"
EndProject
Project("{FAE04EC0-301F-11D3-BF4B-00C04F79EFBC}") = "App.Web", "App.Web\App.Web.csproj", "{FE3014DB-2A6E-3231-ABFF-33D57F684433}"
EndProject
Project("{FAE04EC0-301F-11D3-BF4B-00C04F79EFBC}") = "App.Tests", "App.Tests\App.Tests.csproj", "{5F85DC1B-74CD-1F3C-7DB6-8C1E480D1C00}"
EndProject
Global
	GlobalSection(SolutionConfigurationPlatforms) = preSolution
		Debug|Any CPU = Debug|Any CPU
		Release|Any CPU = Release|Any CPU
	EndGlobalSection
	GlobalSection(ProjectConfigurationPlatforms) = postSolution
		{CACE4E11-CF27-40CE-94B5-65C3201D8CC2}.Debug|Any CPU.ActiveCfg = Debug|Any CPU
		{CACE4E11-CF27-40CE-94B5-65C3201D8CC2}.Debug|Any CPU.Build.0 = Debug|Any CPU
		{CACE4E11-CF27-40CE-94B5-65C3201D8CC2}.Release|Any CPU.ActiveCfg = Release|Any CPU
		{CACE4E11-CF27-40CE-94B5-65C3201D8CC2}.Release|Any CPU.Build.0 = Release|Any CPU
		{2636964B-8507-08E7-1081-CD464FF4F663}.Debug|Any CPU.ActiveCfg = Debug|Any CPU
		{2636964B-8507-08E7-1081-CD464FF4F663}.Debug|Any CPU.Build.0 = Debug|Any CPU
		{2636964B-8507-08E7-1081-CD464FF4F663}.Release|Any CPU.ActiveCfg = Release|Any CPU
		{2636964B-8507-08E7-1081-CD464FF4F663}.Release|Any CPU.Build.0 = Release|Any CPU
		{C978DB9C-0E7A-3509-CCA0-DE0A215424E9}.Debug|Any CPU.ActiveCfg = Debug|Any CPU
		{C978DB9C-0E7A-3509-CCA0-DE0A215424E9}.Debug|Any CPU.Build.0 = Debug|Any CPU
		{C978DB9C-0E7A-3509-CCA0-DE0A215424E9}.Release|Any CPU.ActiveCfg = Release|Any CPU
		{C978DB9C-0E7A-3509-CCA0-DE0A215424E9}.Release|Any CPU.Build.0 = Release|Any CPU
		{FE3014DB-2A6E-3231-ABFF-33D57F684433}.Debug|Any CPU.ActiveCfg = Debug|Any CPU
		{FE3014DB-2A6E-3231-ABFF-33D57F684433}.Debug|Any CPU.Build.0 = Debug|Any CPU
		{FE3014DB-2A6E-3231-ABFF-33D57F684433}.Release|Any CPU.ActiveCfg = Release|Any CPU
		{FE3014DB-2A6E-3231-ABFF-33D57F684433}.Release|Any CPU.Build.0 = Release|Any CPU
		{5F85DC1B-74CD-1F3C-7DB6-8C1E480D1C00}.Debug|Any CPU.ActiveCfg = Debug|Any CPU
		{5F85DC1B-74CD-1F3C-7DB6-8C1E480D1C00}.Debug|Any CPU.Build.0 = Debug|Any CPU
		{5F85DC1B-74CD-1F3C-7DB6-8C1E480D1C00}.Release|Any CPU.ActiveCfg = Release|Any CPU
		{5F85DC1B-74CD-1F3C-7DB6-8C1E480D1C00}.Release|Any CPU.Build.0 = Release|Any CPU
	EndGlobalSection
	GlobalSection(SolutionProperties) = preSolution
		HideSolutionNode = FALSE
	EndGlobalSection
	GlobalSection(ExtensibilityGlobals) = postSolution
		SolutionGuid = {8EC95988-07A6-4E1A-8C9C-81DC43CCB1EB}
	EndGlobalSection
EndGlobal
